// !$*UTF8*$!
{
	archiveVersion = 1;
	classes = {
	};
	objectVersion = 55;
	objects = {

/* Begin PBXBuildFile section */
		9C1B1ED827BFDC600010DC74 /* BirthdayCell.swift in Sources */ = {isa = PBXBuildFile; fileRef = 9C1B1ED727BFDC600010DC74 /* BirthdayCell.swift */; };
		9C1B1EDB27BFE1790010DC74 /* Utils.swift in Sources */ = {isa = PBXBuildFile; fileRef = 9C1B1EDA27BFE1790010DC74 /* Utils.swift */; };
		9C1B1EDD27BFE4380010DC74 /* Constamts.swift in Sources */ = {isa = PBXBuildFile; fileRef = 9C1B1EDC27BFE4380010DC74 /* Constamts.swift */; };
		9C46FA5727BEB1A100AE8605 /* BirthdaysListApp.swift in Sources */ = {isa = PBXBuildFile; fileRef = 9C46FA5627BEB1A100AE8605 /* BirthdaysListApp.swift */; };
		9C46FA5927BEB1A100AE8605 /* BirthdaysListView.swift in Sources */ = {isa = PBXBuildFile; fileRef = 9C46FA5827BEB1A100AE8605 /* BirthdaysListView.swift */; };
		9C46FA5B27BEB1A200AE8605 /* Assets.xcassets in Resources */ = {isa = PBXBuildFile; fileRef = 9C46FA5A27BEB1A200AE8605 /* Assets.xcassets */; };
		9C46FA5E27BEB1A200AE8605 /* Preview Assets.xcassets in Resources */ = {isa = PBXBuildFile; fileRef = 9C46FA5D27BEB1A200AE8605 /* Preview Assets.xcassets */; };
		9C46FA6827BEB1A200AE8605 /* BirthdaysListTests.swift in Sources */ = {isa = PBXBuildFile; fileRef = 9C46FA6727BEB1A200AE8605 /* BirthdaysListTests.swift */; };
		9C46FA7227BEB1A200AE8605 /* BirthdaysListUITests.swift in Sources */ = {isa = PBXBuildFile; fileRef = 9C46FA7127BEB1A200AE8605 /* BirthdaysListUITests.swift */; };
		9C46FA7427BEB1A200AE8605 /* BirthdaysListUITestsLaunchTests.swift in Sources */ = {isa = PBXBuildFile; fileRef = 9C46FA7327BEB1A200AE8605 /* BirthdaysListUITestsLaunchTests.swift */; };
		9C46FA8827BEB2A600AE8605 /* BirthdaysListModel.swift in Sources */ = {isa = PBXBuildFile; fileRef = 9C46FA8727BEB2A600AE8605 /* BirthdaysListModel.swift */; };
		9C46FA8A27BEB30400AE8605 /* InfoModel.swift in Sources */ = {isa = PBXBuildFile; fileRef = 9C46FA8927BEB30400AE8605 /* InfoModel.swift */; };
		9C46FA8C27BEB33200AE8605 /* DOBModel.swift in Sources */ = {isa = PBXBuildFile; fileRef = 9C46FA8B27BEB33200AE8605 /* DOBModel.swift */; };
		9C46FA8E27BEB33A00AE8605 /* NameModel.swift in Sources */ = {isa = PBXBuildFile; fileRef = 9C46FA8D27BEB33A00AE8605 /* NameModel.swift */; };
		9C46FA9027BEB34B00AE8605 /* BirthdayModel.swift in Sources */ = {isa = PBXBuildFile; fileRef = 9C46FA8F27BEB34B00AE8605 /* BirthdayModel.swift */; };
		9C46FA9327BEB4B900AE8605 /* BirthdaysListService.swift in Sources */ = {isa = PBXBuildFile; fileRef = 9C46FA9227BEB4B900AE8605 /* BirthdaysListService.swift */; };
		9C46FA9527BEB58F00AE8605 /* BirthdaysAppErrors.swift in Sources */ = {isa = PBXBuildFile; fileRef = 9C46FA9427BEB58F00AE8605 /* BirthdaysAppErrors.swift */; };
		9C46FA9727BEB67600AE8605 /* BirthdaysListViewModel.swift in Sources */ = {isa = PBXBuildFile; fileRef = 9C46FA9627BEB67600AE8605 /* BirthdaysListViewModel.swift */; };
		9C46FAA827BEB9DF00AE8605 /* Roboto-Regular.ttf in Resources */ = {isa = PBXBuildFile; fileRef = 9C46FA9C27BEB9DF00AE8605 /* Roboto-Regular.ttf */; };
		9C46FAAF27BEB9DF00AE8605 /* Roboto-Bold.ttf in Resources */ = {isa = PBXBuildFile; fileRef = 9C46FAA327BEB9DF00AE8605 /* Roboto-Bold.ttf */; };
		9C46FAB127BEB9DF00AE8605 /* Roboto-Black.ttf in Resources */ = {isa = PBXBuildFile; fileRef = 9C46FAA527BEB9DF00AE8605 /* Roboto-Black.ttf */; };
/* End PBXBuildFile section */

/* Begin PBXContainerItemProxy section */
		9C46FA6427BEB1A200AE8605 /* PBXContainerItemProxy */ = {
			isa = PBXContainerItemProxy;
			containerPortal = 9C46FA4B27BEB1A100AE8605 /* Project object */;
			proxyType = 1;
			remoteGlobalIDString = 9C46FA5227BEB1A100AE8605;
			remoteInfo = BirthdaysList;
		};
		9C46FA6E27BEB1A200AE8605 /* PBXContainerItemProxy */ = {
			isa = PBXContainerItemProxy;
			containerPortal = 9C46FA4B27BEB1A100AE8605 /* Project object */;
			proxyType = 1;
			remoteGlobalIDString = 9C46FA5227BEB1A100AE8605;
			remoteInfo = BirthdaysList;
		};
/* End PBXContainerItemProxy section */

/* Begin PBXFileReference section */
		9C1B1ED727BFDC600010DC74 /* BirthdayCell.swift */ = {isa = PBXFileReference; lastKnownFileType = sourcecode.swift; path = BirthdayCell.swift; sourceTree = "<group>"; };
		9C1B1EDA27BFE1790010DC74 /* Utils.swift */ = {isa = PBXFileReference; lastKnownFileType = sourcecode.swift; path = Utils.swift; sourceTree = "<group>"; };
		9C1B1EDC27BFE4380010DC74 /* Constamts.swift */ = {isa = PBXFileReference; lastKnownFileType = sourcecode.swift; path = Constamts.swift; sourceTree = "<group>"; };
		9C46FA5327BEB1A100AE8605 /* BirthdaysList.app */ = {isa = PBXFileReference; explicitFileType = wrapper.application; includeInIndex = 0; path = BirthdaysList.app; sourceTree = BUILT_PRODUCTS_DIR; };
		9C46FA5627BEB1A100AE8605 /* BirthdaysListApp.swift */ = {isa = PBXFileReference; lastKnownFileType = sourcecode.swift; path = BirthdaysListApp.swift; sourceTree = "<group>"; };
		9C46FA5827BEB1A100AE8605 /* BirthdaysListView.swift */ = {isa = PBXFileReference; lastKnownFileType = sourcecode.swift; path = BirthdaysListView.swift; sourceTree = "<group>"; };
		9C46FA5A27BEB1A200AE8605 /* Assets.xcassets */ = {isa = PBXFileReference; lastKnownFileType = folder.assetcatalog; path = Assets.xcassets; sourceTree = "<group>"; };
		9C46FA5D27BEB1A200AE8605 /* Preview Assets.xcassets */ = {isa = PBXFileReference; lastKnownFileType = folder.assetcatalog; path = "Preview Assets.xcassets"; sourceTree = "<group>"; };
		9C46FA6327BEB1A200AE8605 /* BirthdaysListTests.xctest */ = {isa = PBXFileReference; explicitFileType = wrapper.cfbundle; includeInIndex = 0; path = BirthdaysListTests.xctest; sourceTree = BUILT_PRODUCTS_DIR; };
		9C46FA6727BEB1A200AE8605 /* BirthdaysListTests.swift */ = {isa = PBXFileReference; lastKnownFileType = sourcecode.swift; path = BirthdaysListTests.swift; sourceTree = "<group>"; };
		9C46FA6D27BEB1A200AE8605 /* BirthdaysListUITests.xctest */ = {isa = PBXFileReference; explicitFileType = wrapper.cfbundle; includeInIndex = 0; path = BirthdaysListUITests.xctest; sourceTree = BUILT_PRODUCTS_DIR; };
		9C46FA7127BEB1A200AE8605 /* BirthdaysListUITests.swift */ = {isa = PBXFileReference; lastKnownFileType = sourcecode.swift; path = BirthdaysListUITests.swift; sourceTree = "<group>"; };
		9C46FA7327BEB1A200AE8605 /* BirthdaysListUITestsLaunchTests.swift */ = {isa = PBXFileReference; lastKnownFileType = sourcecode.swift; path = BirthdaysListUITestsLaunchTests.swift; sourceTree = "<group>"; };
		9C46FA8727BEB2A600AE8605 /* BirthdaysListModel.swift */ = {isa = PBXFileReference; lastKnownFileType = sourcecode.swift; path = BirthdaysListModel.swift; sourceTree = "<group>"; };
		9C46FA8927BEB30400AE8605 /* InfoModel.swift */ = {isa = PBXFileReference; lastKnownFileType = sourcecode.swift; path = InfoModel.swift; sourceTree = "<group>"; };
		9C46FA8B27BEB33200AE8605 /* DOBModel.swift */ = {isa = PBXFileReference; lastKnownFileType = sourcecode.swift; path = DOBModel.swift; sourceTree = "<group>"; };
		9C46FA8D27BEB33A00AE8605 /* NameModel.swift */ = {isa = PBXFileReference; lastKnownFileType = sourcecode.swift; path = NameModel.swift; sourceTree = "<group>"; };
		9C46FA8F27BEB34B00AE8605 /* BirthdayModel.swift */ = {isa = PBXFileReference; lastKnownFileType = sourcecode.swift; path = BirthdayModel.swift; sourceTree = "<group>"; };
		9C46FA9227BEB4B900AE8605 /* BirthdaysListService.swift */ = {isa = PBXFileReference; lastKnownFileType = sourcecode.swift; path = BirthdaysListService.swift; sourceTree = "<group>"; };
		9C46FA9427BEB58F00AE8605 /* BirthdaysAppErrors.swift */ = {isa = PBXFileReference; lastKnownFileType = sourcecode.swift; path = BirthdaysAppErrors.swift; sourceTree = "<group>"; };
		9C46FA9627BEB67600AE8605 /* BirthdaysListViewModel.swift */ = {isa = PBXFileReference; lastKnownFileType = sourcecode.swift; path = BirthdaysListViewModel.swift; sourceTree = "<group>"; };
		9C46FA9C27BEB9DF00AE8605 /* Roboto-Regular.ttf */ = {isa = PBXFileReference; lastKnownFileType = file; path = "Roboto-Regular.ttf"; sourceTree = "<group>"; };
		9C46FAA327BEB9DF00AE8605 /* Roboto-Bold.ttf */ = {isa = PBXFileReference; lastKnownFileType = file; path = "Roboto-Bold.ttf"; sourceTree = "<group>"; };
		9C46FAA527BEB9DF00AE8605 /* Roboto-Black.ttf */ = {isa = PBXFileReference; lastKnownFileType = file; path = "Roboto-Black.ttf"; sourceTree = "<group>"; };
		9C46FAB227BEBA8200AE8605 /* Info.plist */ = {isa = PBXFileReference; lastKnownFileType = text.plist; path = Info.plist; sourceTree = "<group>"; };
/* End PBXFileReference section */

/* Begin PBXFrameworksBuildPhase section */
		9C46FA5027BEB1A100AE8605 /* Frameworks */ = {
			isa = PBXFrameworksBuildPhase;
			buildActionMask = 2147483647;
			files = (
			);
			runOnlyForDeploymentPostprocessing = 0;
		};
		9C46FA6027BEB1A200AE8605 /* Frameworks */ = {
			isa = PBXFrameworksBuildPhase;
			buildActionMask = 2147483647;
			files = (
			);
			runOnlyForDeploymentPostprocessing = 0;
		};
		9C46FA6A27BEB1A200AE8605 /* Frameworks */ = {
			isa = PBXFrameworksBuildPhase;
			buildActionMask = 2147483647;
			files = (
			);
			runOnlyForDeploymentPostprocessing = 0;
		};
/* End PBXFrameworksBuildPhase section */

/* Begin PBXGroup section */
		9C1B1ED927BFDC640010DC74 /* CustomCells */ = {
			isa = PBXGroup;
			children = (
				9C1B1ED727BFDC600010DC74 /* BirthdayCell.swift */,
			);
			path = CustomCells;
			sourceTree = "<group>";
		};
		9C1B1EDE27BFE43E0010DC74 /* Helpers */ = {
			isa = PBXGroup;
			children = (
				9C46FA9427BEB58F00AE8605 /* BirthdaysAppErrors.swift */,
				9C1B1EDA27BFE1790010DC74 /* Utils.swift */,
				9C1B1EDC27BFE4380010DC74 /* Constamts.swift */,
			);
			path = Helpers;
			sourceTree = "<group>";
		};
		9C46FA4A27BEB1A100AE8605 = {
			isa = PBXGroup;
			children = (
				9C46FA5527BEB1A100AE8605 /* BirthdaysList */,
				9C46FA6627BEB1A200AE8605 /* BirthdaysListTests */,
				9C46FA7027BEB1A200AE8605 /* BirthdaysListUITests */,
				9C46FA5427BEB1A100AE8605 /* Products */,
			);
			sourceTree = "<group>";
		};
		9C46FA5427BEB1A100AE8605 /* Products */ = {
			isa = PBXGroup;
			children = (
				9C46FA5327BEB1A100AE8605 /* BirthdaysList.app */,
				9C46FA6327BEB1A200AE8605 /* BirthdaysListTests.xctest */,
				9C46FA6D27BEB1A200AE8605 /* BirthdaysListUITests.xctest */,
			);
			name = Products;
			sourceTree = "<group>";
		};
		9C46FA5527BEB1A100AE8605 /* BirthdaysList */ = {
			isa = PBXGroup;
			children = (
				9C46FAB227BEBA8200AE8605 /* Info.plist */,
				9C46FA8027BEB1BE00AE8605 /* AppFiles */,
				9C46FA8527BEB25200AE8605 /* SupportingFiles */,
				9C46FA8127BEB1DB00AE8605 /* Scenes */,
				9C46FA8227BEB1E300AE8605 /* Models */,
				9C46FA9127BEB4A900AE8605 /* Services */,
			);
			path = BirthdaysList;
			sourceTree = "<group>";
		};
		9C46FA6627BEB1A200AE8605 /* BirthdaysListTests */ = {
			isa = PBXGroup;
			children = (
				9C46FA6727BEB1A200AE8605 /* BirthdaysListTests.swift */,
			);
			path = BirthdaysListTests;
			sourceTree = "<group>";
		};
		9C46FA7027BEB1A200AE8605 /* BirthdaysListUITests */ = {
			isa = PBXGroup;
			children = (
				9C46FA7127BEB1A200AE8605 /* BirthdaysListUITests.swift */,
				9C46FA7327BEB1A200AE8605 /* BirthdaysListUITestsLaunchTests.swift */,
			);
			path = BirthdaysListUITests;
			sourceTree = "<group>";
		};
		9C46FA8027BEB1BE00AE8605 /* AppFiles */ = {
			isa = PBXGroup;
			children = (
				9C46FA5627BEB1A100AE8605 /* BirthdaysListApp.swift */,
			);
			path = AppFiles;
			sourceTree = "<group>";
		};
		9C46FA8127BEB1DB00AE8605 /* Scenes */ = {
			isa = PBXGroup;
			children = (
				9C46FA8327BEB1F100AE8605 /* Birthdays */,
				9C46FA8427BEB20200AE8605 /* BirthdaytDetails */,
			);
			path = Scenes;
			sourceTree = "<group>";
		};
		9C46FA8227BEB1E300AE8605 /* Models */ = {
			isa = PBXGroup;
			children = (
				9C46FA8627BEB29300AE8605 /* BirthdaysModel */,
			);
			path = Models;
			sourceTree = "<group>";
		};
		9C46FA8327BEB1F100AE8605 /* Birthdays */ = {
			isa = PBXGroup;
			children = (
				9C1B1ED927BFDC640010DC74 /* CustomCells */,
				9C46FA5827BEB1A100AE8605 /* BirthdaysListView.swift */,
				9C46FA9627BEB67600AE8605 /* BirthdaysListViewModel.swift */,
			);
			path = Birthdays;
			sourceTree = "<group>";
		};
		9C46FA8427BEB20200AE8605 /* BirthdaytDetails */ = {
			isa = PBXGroup;
			children = (
			);
			path = BirthdaytDetails;
			sourceTree = "<group>";
		};
		9C46FA8527BEB25200AE8605 /* SupportingFiles */ = {
			isa = PBXGroup;
			children = (
				9C1B1EDE27BFE43E0010DC74 /* Helpers */,
				9C46FA9827BEB96800AE8605 /* Fonts */,
				9C46FA5D27BEB1A200AE8605 /* Preview Assets.xcassets */,
				9C46FA5A27BEB1A200AE8605 /* Assets.xcassets */,
			);
			path = SupportingFiles;
			sourceTree = "<group>";
		};
		9C46FA8627BEB29300AE8605 /* BirthdaysModel */ = {
			isa = PBXGroup;
			children = (
				9C46FA8727BEB2A600AE8605 /* BirthdaysListModel.swift */,
				9C46FA8F27BEB34B00AE8605 /* BirthdayModel.swift */,
				9C46FA8927BEB30400AE8605 /* InfoModel.swift */,
				9C46FA8D27BEB33A00AE8605 /* NameModel.swift */,
				9C46FA8B27BEB33200AE8605 /* DOBModel.swift */,
			);
			path = BirthdaysModel;
			sourceTree = "<group>";
		};
		9C46FA9127BEB4A900AE8605 /* Services */ = {
			isa = PBXGroup;
			children = (
				9C46FA9227BEB4B900AE8605 /* BirthdaysListService.swift */,
			);
			path = Services;
			sourceTree = "<group>";
		};
		9C46FA9827BEB96800AE8605 /* Fonts */ = {
			isa = PBXGroup;
			children = (
				9C46FA9927BEB9DF00AE8605 /* Roboto */,
			);
			path = Fonts;
			sourceTree = "<group>";
		};
		9C46FA9927BEB9DF00AE8605 /* Roboto */ = {
			isa = PBXGroup;
			children = (
				9C46FA9C27BEB9DF00AE8605 /* Roboto-Regular.ttf */,
				9C46FAA327BEB9DF00AE8605 /* Roboto-Bold.ttf */,
				9C46FAA527BEB9DF00AE8605 /* Roboto-Black.ttf */,
			);
			path = Roboto;
			sourceTree = "<group>";
		};
/* End PBXGroup section */

/* Begin PBXNativeTarget section */
		9C46FA5227BEB1A100AE8605 /* BirthdaysList */ = {
			isa = PBXNativeTarget;
			buildConfigurationList = 9C46FA7727BEB1A200AE8605 /* Build configuration list for PBXNativeTarget "BirthdaysList" */;
			buildPhases = (
				9C46FA4F27BEB1A100AE8605 /* Sources */,
				9C46FA5027BEB1A100AE8605 /* Frameworks */,
				9C46FA5127BEB1A100AE8605 /* Resources */,
			);
			buildRules = (
			);
			dependencies = (
			);
			name = BirthdaysList;
			productName = BirthdaysList;
			productReference = 9C46FA5327BEB1A100AE8605 /* BirthdaysList.app */;
			productType = "com.apple.product-type.application";
		};
		9C46FA6227BEB1A200AE8605 /* BirthdaysListTests */ = {
			isa = PBXNativeTarget;
			buildConfigurationList = 9C46FA7A27BEB1A200AE8605 /* Build configuration list for PBXNativeTarget "BirthdaysListTests" */;
			buildPhases = (
				9C46FA5F27BEB1A200AE8605 /* Sources */,
				9C46FA6027BEB1A200AE8605 /* Frameworks */,
				9C46FA6127BEB1A200AE8605 /* Resources */,
			);
			buildRules = (
			);
			dependencies = (
				9C46FA6527BEB1A200AE8605 /* PBXTargetDependency */,
			);
			name = BirthdaysListTests;
			productName = BirthdaysListTests;
			productReference = 9C46FA6327BEB1A200AE8605 /* BirthdaysListTests.xctest */;
			productType = "com.apple.product-type.bundle.unit-test";
		};
		9C46FA6C27BEB1A200AE8605 /* BirthdaysListUITests */ = {
			isa = PBXNativeTarget;
			buildConfigurationList = 9C46FA7D27BEB1A200AE8605 /* Build configuration list for PBXNativeTarget "BirthdaysListUITests" */;
			buildPhases = (
				9C46FA6927BEB1A200AE8605 /* Sources */,
				9C46FA6A27BEB1A200AE8605 /* Frameworks */,
				9C46FA6B27BEB1A200AE8605 /* Resources */,
			);
			buildRules = (
			);
			dependencies = (
				9C46FA6F27BEB1A200AE8605 /* PBXTargetDependency */,
			);
			name = BirthdaysListUITests;
			productName = BirthdaysListUITests;
			productReference = 9C46FA6D27BEB1A200AE8605 /* BirthdaysListUITests.xctest */;
			productType = "com.apple.product-type.bundle.ui-testing";
		};
/* End PBXNativeTarget section */

/* Begin PBXProject section */
		9C46FA4B27BEB1A100AE8605 /* Project object */ = {
			isa = PBXProject;
			attributes = {
				BuildIndependentTargetsInParallel = 1;
				LastSwiftUpdateCheck = 1320;
				LastUpgradeCheck = 1320;
				TargetAttributes = {
					9C46FA5227BEB1A100AE8605 = {
						CreatedOnToolsVersion = 13.2.1;
					};
					9C46FA6227BEB1A200AE8605 = {
						CreatedOnToolsVersion = 13.2.1;
						TestTargetID = 9C46FA5227BEB1A100AE8605;
					};
					9C46FA6C27BEB1A200AE8605 = {
						CreatedOnToolsVersion = 13.2.1;
						TestTargetID = 9C46FA5227BEB1A100AE8605;
					};
				};
			};
			buildConfigurationList = 9C46FA4E27BEB1A100AE8605 /* Build configuration list for PBXProject "BirthdaysList" */;
			compatibilityVersion = "Xcode 13.0";
			developmentRegion = en;
			hasScannedForEncodings = 0;
			knownRegions = (
				en,
				Base,
			);
			mainGroup = 9C46FA4A27BEB1A100AE8605;
			productRefGroup = 9C46FA5427BEB1A100AE8605 /* Products */;
			projectDirPath = "";
			projectRoot = "";
			targets = (
				9C46FA5227BEB1A100AE8605 /* BirthdaysList */,
				9C46FA6227BEB1A200AE8605 /* BirthdaysListTests */,
				9C46FA6C27BEB1A200AE8605 /* BirthdaysListUITests */,
			);
		};
/* End PBXProject section */

/* Begin PBXResourcesBuildPhase section */
		9C46FA5127BEB1A100AE8605 /* Resources */ = {
			isa = PBXResourcesBuildPhase;
			buildActionMask = 2147483647;
			files = (
				9C46FA5E27BEB1A200AE8605 /* Preview Assets.xcassets in Resources */,
				9C46FA5B27BEB1A200AE8605 /* Assets.xcassets in Resources */,
				9C46FAAF27BEB9DF00AE8605 /* Roboto-Bold.ttf in Resources */,
				9C46FAA827BEB9DF00AE8605 /* Roboto-Regular.ttf in Resources */,
				9C46FAB127BEB9DF00AE8605 /* Roboto-Black.ttf in Resources */,
			);
			runOnlyForDeploymentPostprocessing = 0;
		};
		9C46FA6127BEB1A200AE8605 /* Resources */ = {
			isa = PBXResourcesBuildPhase;
			buildActionMask = 2147483647;
			files = (
			);
			runOnlyForDeploymentPostprocessing = 0;
		};
		9C46FA6B27BEB1A200AE8605 /* Resources */ = {
			isa = PBXResourcesBuildPhase;
			buildActionMask = 2147483647;
			files = (
			);
			runOnlyForDeploymentPostprocessing = 0;
		};
/* End PBXResourcesBuildPhase section */

/* Begin PBXSourcesBuildPhase section */
		9C46FA4F27BEB1A100AE8605 /* Sources */ = {
			isa = PBXSourcesBuildPhase;
			buildActionMask = 2147483647;
			files = (
				9C46FA8E27BEB33A00AE8605 /* NameModel.swift in Sources */,
				9C46FA8827BEB2A600AE8605 /* BirthdaysListModel.swift in Sources */,
				9C46FA9527BEB58F00AE8605 /* BirthdaysAppErrors.swift in Sources */,
				9C1B1ED827BFDC600010DC74 /* BirthdayCell.swift in Sources */,
				9C46FA5927BEB1A100AE8605 /* BirthdaysListView.swift in Sources */,
				9C46FA5727BEB1A100AE8605 /* BirthdaysListApp.swift in Sources */,
				9C46FA9327BEB4B900AE8605 /* BirthdaysListService.swift in Sources */,
				9C46FA8A27BEB30400AE8605 /* InfoModel.swift in Sources */,
				9C46FA9727BEB67600AE8605 /* BirthdaysListViewModel.swift in Sources */,
				9C1B1EDD27BFE4380010DC74 /* Constamts.swift in Sources */,
				9C46FA9027BEB34B00AE8605 /* BirthdayModel.swift in Sources */,
				9C46FA8C27BEB33200AE8605 /* DOBModel.swift in Sources */,
				9C1B1EDB27BFE1790010DC74 /* Utils.swift in Sources */,
			);
			runOnlyForDeploymentPostprocessing = 0;
		};
		9C46FA5F27BEB1A200AE8605 /* Sources */ = {
			isa = PBXSourcesBuildPhase;
			buildActionMask = 2147483647;
			files = (
				9C46FA6827BEB1A200AE8605 /* BirthdaysListTests.swift in Sources */,
			);
			runOnlyForDeploymentPostprocessing = 0;
		};
		9C46FA6927BEB1A200AE8605 /* Sources */ = {
			isa = PBXSourcesBuildPhase;
			buildActionMask = 2147483647;
			files = (
				9C46FA7227BEB1A200AE8605 /* BirthdaysListUITests.swift in Sources */,
				9C46FA7427BEB1A200AE8605 /* BirthdaysListUITestsLaunchTests.swift in Sources */,
			);
			runOnlyForDeploymentPostprocessing = 0;
		};
/* End PBXSourcesBuildPhase section */

/* Begin PBXTargetDependency section */
		9C46FA6527BEB1A200AE8605 /* PBXTargetDependency */ = {
			isa = PBXTargetDependency;
			target = 9C46FA5227BEB1A100AE8605 /* BirthdaysList */;
			targetProxy = 9C46FA6427BEB1A200AE8605 /* PBXContainerItemProxy */;
		};
		9C46FA6F27BEB1A200AE8605 /* PBXTargetDependency */ = {
			isa = PBXTargetDependency;
			target = 9C46FA5227BEB1A100AE8605 /* BirthdaysList */;
			targetProxy = 9C46FA6E27BEB1A200AE8605 /* PBXContainerItemProxy */;
		};
/* End PBXTargetDependency section */

/* Begin XCBuildConfiguration section */
		9C46FA7527BEB1A200AE8605 /* Debug */ = {
			isa = XCBuildConfiguration;
			buildSettings = {
				ALWAYS_SEARCH_USER_PATHS = NO;
				CLANG_ANALYZER_NONNULL = YES;
				CLANG_ANALYZER_NUMBER_OBJECT_CONVERSION = YES_AGGRESSIVE;
				CLANG_CXX_LANGUAGE_STANDARD = "gnu++17";
				CLANG_CXX_LIBRARY = "libc++";
				CLANG_ENABLE_MODULES = YES;
				CLANG_ENABLE_OBJC_ARC = YES;
				CLANG_ENABLE_OBJC_WEAK = YES;
				CLANG_WARN_BLOCK_CAPTURE_AUTORELEASING = YES;
				CLANG_WARN_BOOL_CONVERSION = YES;
				CLANG_WARN_COMMA = YES;
				CLANG_WARN_CONSTANT_CONVERSION = YES;
				CLANG_WARN_DEPRECATED_OBJC_IMPLEMENTATIONS = YES;
				CLANG_WARN_DIRECT_OBJC_ISA_USAGE = YES_ERROR;
				CLANG_WARN_DOCUMENTATION_COMMENTS = YES;
				CLANG_WARN_EMPTY_BODY = YES;
				CLANG_WARN_ENUM_CONVERSION = YES;
				CLANG_WARN_INFINITE_RECURSION = YES;
				CLANG_WARN_INT_CONVERSION = YES;
				CLANG_WARN_NON_LITERAL_NULL_CONVERSION = YES;
				CLANG_WARN_OBJC_IMPLICIT_RETAIN_SELF = YES;
				CLANG_WARN_OBJC_LITERAL_CONVERSION = YES;
				CLANG_WARN_OBJC_ROOT_CLASS = YES_ERROR;
				CLANG_WARN_QUOTED_INCLUDE_IN_FRAMEWORK_HEADER = YES;
				CLANG_WARN_RANGE_LOOP_ANALYSIS = YES;
				CLANG_WARN_STRICT_PROTOTYPES = YES;
				CLANG_WARN_SUSPICIOUS_MOVE = YES;
				CLANG_WARN_UNGUARDED_AVAILABILITY = YES_AGGRESSIVE;
				CLANG_WARN_UNREACHABLE_CODE = YES;
				CLANG_WARN__DUPLICATE_METHOD_MATCH = YES;
				COPY_PHASE_STRIP = NO;
				DEBUG_INFORMATION_FORMAT = dwarf;
				ENABLE_STRICT_OBJC_MSGSEND = YES;
				ENABLE_TESTABILITY = YES;
				GCC_C_LANGUAGE_STANDARD = gnu11;
				GCC_DYNAMIC_NO_PIC = NO;
				GCC_NO_COMMON_BLOCKS = YES;
				GCC_OPTIMIZATION_LEVEL = 0;
				GCC_PREPROCESSOR_DEFINITIONS = (
					"DEBUG=1",
					"$(inherited)",
				);
				GCC_WARN_64_TO_32_BIT_CONVERSION = YES;
				GCC_WARN_ABOUT_RETURN_TYPE = YES_ERROR;
				GCC_WARN_UNDECLARED_SELECTOR = YES;
				GCC_WARN_UNINITIALIZED_AUTOS = YES_AGGRESSIVE;
				GCC_WARN_UNUSED_FUNCTION = YES;
				GCC_WARN_UNUSED_VARIABLE = YES;
				IPHONEOS_DEPLOYMENT_TARGET = 14.0;
				MTL_ENABLE_DEBUG_INFO = INCLUDE_SOURCE;
				MTL_FAST_MATH = YES;
				ONLY_ACTIVE_ARCH = YES;
				SDKROOT = iphoneos;
				SWIFT_ACTIVE_COMPILATION_CONDITIONS = DEBUG;
				SWIFT_OPTIMIZATION_LEVEL = "-Onone";
			};
			name = Debug;
		};
		9C46FA7627BEB1A200AE8605 /* Release */ = {
			isa = XCBuildConfiguration;
			buildSettings = {
				ALWAYS_SEARCH_USER_PATHS = NO;
				CLANG_ANALYZER_NONNULL = YES;
				CLANG_ANALYZER_NUMBER_OBJECT_CONVERSION = YES_AGGRESSIVE;
				CLANG_CXX_LANGUAGE_STANDARD = "gnu++17";
				CLANG_CXX_LIBRARY = "libc++";
				CLANG_ENABLE_MODULES = YES;
				CLANG_ENABLE_OBJC_ARC = YES;
				CLANG_ENABLE_OBJC_WEAK = YES;
				CLANG_WARN_BLOCK_CAPTURE_AUTORELEASING = YES;
				CLANG_WARN_BOOL_CONVERSION = YES;
				CLANG_WARN_COMMA = YES;
				CLANG_WARN_CONSTANT_CONVERSION = YES;
				CLANG_WARN_DEPRECATED_OBJC_IMPLEMENTATIONS = YES;
				CLANG_WARN_DIRECT_OBJC_ISA_USAGE = YES_ERROR;
				CLANG_WARN_DOCUMENTATION_COMMENTS = YES;
				CLANG_WARN_EMPTY_BODY = YES;
				CLANG_WARN_ENUM_CONVERSION = YES;
				CLANG_WARN_INFINITE_RECURSION = YES;
				CLANG_WARN_INT_CONVERSION = YES;
				CLANG_WARN_NON_LITERAL_NULL_CONVERSION = YES;
				CLANG_WARN_OBJC_IMPLICIT_RETAIN_SELF = YES;
				CLANG_WARN_OBJC_LITERAL_CONVERSION = YES;
				CLANG_WARN_OBJC_ROOT_CLASS = YES_ERROR;
				CLANG_WARN_QUOTED_INCLUDE_IN_FRAMEWORK_HEADER = YES;
				CLANG_WARN_RANGE_LOOP_ANALYSIS = YES;
				CLANG_WARN_STRICT_PROTOTYPES = YES;
				CLANG_WARN_SUSPICIOUS_MOVE = YES;
				CLANG_WARN_UNGUARDED_AVAILABILITY = YES_AGGRESSIVE;
				CLANG_WARN_UNREACHABLE_CODE = YES;
				CLANG_WARN__DUPLICATE_METHOD_MATCH = YES;
				COPY_PHASE_STRIP = NO;
				DEBUG_INFORMATION_FORMAT = "dwarf-with-dsym";
				ENABLE_NS_ASSERTIONS = NO;
				ENABLE_STRICT_OBJC_MSGSEND = YES;
				GCC_C_LANGUAGE_STANDARD = gnu11;
				GCC_NO_COMMON_BLOCKS = YES;
				GCC_WARN_64_TO_32_BIT_CONVERSION = YES;
				GCC_WARN_ABOUT_RETURN_TYPE = YES_ERROR;
				GCC_WARN_UNDECLARED_SELECTOR = YES;
				GCC_WARN_UNINITIALIZED_AUTOS = YES_AGGRESSIVE;
				GCC_WARN_UNUSED_FUNCTION = YES;
				GCC_WARN_UNUSED_VARIABLE = YES;
				IPHONEOS_DEPLOYMENT_TARGET = 14.0;
				MTL_ENABLE_DEBUG_INFO = NO;
				MTL_FAST_MATH = YES;
				SDKROOT = iphoneos;
				SWIFT_COMPILATION_MODE = wholemodule;
				SWIFT_OPTIMIZATION_LEVEL = "-O";
				VALIDATE_PRODUCT = YES;
			};
			name = Release;
		};
		9C46FA7827BEB1A200AE8605 /* Debug */ = {
			isa = XCBuildConfiguration;
			buildSettings = {
				ASSETCATALOG_COMPILER_APPICON_NAME = AppIcon;
				ASSETCATALOG_COMPILER_GLOBAL_ACCENT_COLOR_NAME = AccentColor;
				CODE_SIGN_STYLE = Automatic;
				CURRENT_PROJECT_VERSION = 1;
				DEVELOPMENT_ASSET_PATHS = "\"BirthdaysList/SupportingFiles\"";
				DEVELOPMENT_TEAM = QCBY87LF55;
				ENABLE_PREVIEWS = YES;
				GENERATE_INFOPLIST_FILE = YES;
				INFOPLIST_FILE = BirthdaysList/Info.plist;
				INFOPLIST_KEY_UIApplicationSceneManifest_Generation = YES;
				INFOPLIST_KEY_UIApplicationSupportsIndirectInputEvents = YES;
				INFOPLIST_KEY_UILaunchScreen_Generation = YES;
				INFOPLIST_KEY_UISupportedInterfaceOrientations_iPad = "UIInterfaceOrientationPortrait UIInterfaceOrientationPortraitUpsideDown UIInterfaceOrientationLandscapeLeft UIInterfaceOrientationLandscapeRight";
				INFOPLIST_KEY_UISupportedInterfaceOrientations_iPhone = "UIInterfaceOrientationPortrait UIInterfaceOrientationLandscapeLeft UIInterfaceOrientationLandscapeRight";
				LD_RUNPATH_SEARCH_PATHS = (
					"$(inherited)",
					"@executable_path/Frameworks",
				);
				MARKETING_VERSION = 1.0;
				PRODUCT_BUNDLE_IDENTIFIER = com.mohabdelaty.BirthdaysList;
				PRODUCT_NAME = "$(TARGET_NAME)";
				SWIFT_EMIT_LOC_STRINGS = YES;
				SWIFT_VERSION = 5.0;
				TARGETED_DEVICE_FAMILY = "1,2";
			};
			name = Debug;
		};
		9C46FA7927BEB1A200AE8605 /* Release */ = {
			isa = XCBuildConfiguration;
			buildSettings = {
				ASSETCATALOG_COMPILER_APPICON_NAME = AppIcon;
				ASSETCATALOG_COMPILER_GLOBAL_ACCENT_COLOR_NAME = AccentColor;
				CODE_SIGN_STYLE = Automatic;
				CURRENT_PROJECT_VERSION = 1;
				DEVELOPMENT_ASSET_PATHS = "\"BirthdaysList/SupportingFiles\"";
				DEVELOPMENT_TEAM = QCBY87LF55;
				ENABLE_PREVIEWS = YES;
				GENERATE_INFOPLIST_FILE = YES;
				INFOPLIST_FILE = BirthdaysList/Info.plist;
				INFOPLIST_KEY_UIApplicationSceneManifest_Generation = YES;
				INFOPLIST_KEY_UIApplicationSupportsIndirectInputEvents = YES;
				INFOPLIST_KEY_UILaunchScreen_Generation = YES;
				INFOPLIST_KEY_UISupportedInterfaceOrientations_iPad = "UIInterfaceOrientationPortrait UIInterfaceOrientationPortraitUpsideDown UIInterfaceOrientationLandscapeLeft UIInterfaceOrientationLandscapeRight";
				INFOPLIST_KEY_UISupportedInterfaceOrientations_iPhone = "UIInterfaceOrientationPortrait UIInterfaceOrientationLandscapeLeft UIInterfaceOrientationLandscapeRight";
				LD_RUNPATH_SEARCH_PATHS = (
					"$(inherited)",
					"@executable_path/Frameworks",
				);
				MARKETING_VERSION = 1.0;
				PRODUCT_BUNDLE_IDENTIFIER = com.mohabdelaty.BirthdaysList;
				PRODUCT_NAME = "$(TARGET_NAME)";
				SWIFT_EMIT_LOC_STRINGS = YES;
				SWIFT_VERSION = 5.0;
				TARGETED_DEVICE_FAMILY = "1,2";
			};
			name = Release;
		};
		9C46FA7B27BEB1A200AE8605 /* Debug */ = {
			isa = XCBuildConfiguration;
			buildSettings = {
				ALWAYS_EMBED_SWIFT_STANDARD_LIBRARIES = YES;
				BUNDLE_LOADER = "$(TEST_HOST)";
				CODE_SIGN_STYLE = Automatic;
				CURRENT_PROJECT_VERSION = 1;
				DEVELOPMENT_TEAM = QCBY87LF55;
				GENERATE_INFOPLIST_FILE = YES;
				IPHONEOS_DEPLOYMENT_TARGET = 15.2;
				MARKETING_VERSION = 1.0;
				PRODUCT_BUNDLE_IDENTIFIER = com.mohabdelaty.BirthdaysListTests;
				PRODUCT_NAME = "$(TARGET_NAME)";
				SWIFT_EMIT_LOC_STRINGS = NO;
				SWIFT_VERSION = 5.0;
				TARGETED_DEVICE_FAMILY = "1,2";
				TEST_HOST = "$(BUILT_PRODUCTS_DIR)/BirthdaysList.app/BirthdaysList";
			};
			name = Debug;
		};
		9C46FA7C27BEB1A200AE8605 /* Release */ = {
			isa = XCBuildConfiguration;
			buildSettings = {
				ALWAYS_EMBED_SWIFT_STANDARD_LIBRARIES = YES;
				BUNDLE_LOADER = "$(TEST_HOST)";
				CODE_SIGN_STYLE = Automatic;
				CURRENT_PROJECT_VERSION = 1;
				DEVELOPMENT_TEAM = QCBY87LF55;
				GENERATE_INFOPLIST_FILE = YES;
				IPHONEOS_DEPLOYMENT_TARGET = 15.2;
				MARKETING_VERSION = 1.0;
				PRODUCT_BUNDLE_IDENTIFIER = com.mohabdelaty.BirthdaysListTests;
				PRODUCT_NAME = "$(TARGET_NAME)";
				SWIFT_EMIT_LOC_STRINGS = NO;
				SWIFT_VERSION = 5.0;
				TARGETED_DEVICE_FAMILY = "1,2";
				TEST_HOST = "$(BUILT_PRODUCTS_DIR)/BirthdaysList.app/BirthdaysList";
			};
			name = Release;
		};
		9C46FA7E27BEB1A200AE8605 /* Debug */ = {
			isa = XCBuildConfiguration;
			buildSettings = {
				ALWAYS_EMBED_SWIFT_STANDARD_LIBRARIES = YES;
				CODE_SIGN_STYLE = Automatic;
				CURRENT_PROJECT_VERSION = 1;
				DEVELOPMENT_TEAM = QCBY87LF55;
				GENERATE_INFOPLIST_FILE = YES;
				MARKETING_VERSION = 1.0;
				PRODUCT_BUNDLE_IDENTIFIER = com.mohabdelaty.BirthdaysListUITests;
				PRODUCT_NAME = "$(TARGET_NAME)";
				SWIFT_EMIT_LOC_STRINGS = NO;
				SWIFT_VERSION = 5.0;
				TARGETED_DEVICE_FAMILY = "1,2";
				TEST_TARGET_NAME = BirthdaysList;
			};
			name = Debug;
		};
		9C46FA7F27BEB1A200AE8605 /* Release */ = {
			isa = XCBuildConfiguration;
			buildSettings = {
				ALWAYS_EMBED_SWIFT_STANDARD_LIBRARIES = YES;
				CODE_SIGN_STYLE = Automatic;
				CURRENT_PROJECT_VERSION = 1;
				DEVELOPMENT_TEAM = QCBY87LF55;
				GENERATE_INFOPLIST_FILE = YES;
				MARKETING_VERSION = 1.0;
				PRODUCT_BUNDLE_IDENTIFIER = com.mohabdelaty.BirthdaysListUITests;
				PRODUCT_NAME = "$(TARGET_NAME)";
				SWIFT_EMIT_LOC_STRINGS = NO;
				SWIFT_VERSION = 5.0;
				TARGETED_DEVICE_FAMILY = "1,2";
				TEST_TARGET_NAME = BirthdaysList;
			};
			name = Release;
		};
/* End XCBuildConfiguration section */

/* Begin XCConfigurationList section */
		9C46FA4E27BEB1A100AE8605 /* Build configuration list for PBXProject "BirthdaysList" */ = {
			isa = XCConfigurationList;
			buildConfigurations = (
				9C46FA7527BEB1A200AE8605 /* Debug */,
				9C46FA7627BEB1A200AE8605 /* Release */,
			);
			defaultConfigurationIsVisible = 0;
			defaultConfigurationName = Release;
		};
		9C46FA7727BEB1A200AE8605 /* Build configuration list for PBXNativeTarget "BirthdaysList" */ = {
			isa = XCConfigurationList;
			buildConfigurations = (
				9C46FA7827BEB1A200AE8605 /* Debug */,
				9C46FA7927BEB1A200AE8605 /* Release */,
			);
			defaultConfigurationIsVisible = 0;
			defaultConfigurationName = Release;
		};
		9C46FA7A27BEB1A200AE8605 /* Build configuration list for PBXNativeTarget "BirthdaysListTests" */ = {
			isa = XCConfigurationList;
			buildConfigurations = (
				9C46FA7B27BEB1A200AE8605 /* Debug */,
				9C46FA7C27BEB1A200AE8605 /* Release */,
			);
			defaultConfigurationIsVisible = 0;
			defaultConfigurationName = Release;
		};
		9C46FA7D27BEB1A200AE8605 /* Build configuration list for PBXNativeTarget "BirthdaysListUITests" */ = {
			isa = XCConfigurationList;
			buildConfigurations = (
				9C46FA7E27BEB1A200AE8605 /* Debug */,
				9C46FA7F27BEB1A200AE8605 /* Release */,
			);
			defaultConfigurationIsVisible = 0;
			defaultConfigurationName = Release;
		};
/* End XCConfigurationList section */
	};
	rootObject = 9C46FA4B27BEB1A100AE8605 /* Project object */;
}
